# This file is automatically @generated by Poetry and should not be changed by hand.

[[package]]
name = "matplotlib-venn"
version = "1.1.1"
description = "Functions for plotting area-proportional two- and three-way Venn diagrams in matplotlib."
category = "main"
optional = false
python-versions = "*"
files = []

[metadata]
lock-version = "2.0"
python-versions = "^3.11"
content-hash = "9ef37852a002e6476fe1f676fd533c681be8e50a8a2d88d46aa586d1a21e7751"
